
Microsoft Visual Studio Solution File, Format Version 12.00
# Visual Studio Version 16
VisualStudioVersion = 16.0.30320.27
MinimumVisualStudioVersion = 10.0.40219.1
Project("{FAE04EC0-301F-11D3-BF4B-00C04F79EFBC}") = "24laba", "24laba\24laba.csproj", "{DAD32F75-248D-4C9A-85B3-CAB08ACDE301}"
EndProject
Global
	GlobalSection(SolutionConfigurationPlatforms) = preSolution
		Debug|Any CPU = Debug|Any CPU
		Release|Any CPU = Release|Any CPU
	EndGlobalSection
	GlobalSection(ProjectConfigurationPlatforms) = postSolution
		{DAD32F75-248D-4C9A-85B3-CAB08ACDE301}.Debug|Any CPU.ActiveCfg = Debug|Any CPU
		{DAD32F75-248D-4C9A-85B3-CAB08ACDE301}.Debug|Any CPU.Build.0 = Debug|Any CPU
		{DAD32F75-248D-4C9A-85B3-CAB08ACDE301}.Release|Any CPU.ActiveCfg = Release|Any CPU
		{DAD32F75-248D-4C9A-85B3-CAB08ACDE301}.Release|Any CPU.Build.0 = Release|Any CPU
	EndGlobalSection
	GlobalSection(SolutionProperties) = preSolution
		HideSolutionNode = FALSE
	EndGlobalSection
	GlobalSection(ExtensibilityGlobals) = postSolution
		SolutionGuid = {A9C5F6DD-EB4B-4DF4-827B-CC66B20549A0}
	EndGlobalSection
EndGlobal
